
Microsoft Visual Studio Solution File, Format Version 12.00
# Visual Studio Version 17
VisualStudioVersion = 17.5.002.0
MinimumVisualStudioVersion = 10.0.40219.1
Project("{9A19103F-16F7-4668-BE54-9A1E7A4F7556}") = "ae-palindrome-check", "ae-palindrome-check.csproj", "{3A35A1EA-6B43-4126-B30E-F7AE6DCCC991}"
EndProject
Global
	GlobalSection(SolutionConfigurationPlatforms) = preSolution
		Debug|Any CPU = Debug|Any CPU
		Release|Any CPU = Release|Any CPU
	EndGlobalSection
	GlobalSection(ProjectConfigurationPlatforms) = postSolution
		{3A35A1EA-6B43-4126-B30E-F7AE6DCCC991}.Debug|Any CPU.ActiveCfg = Debug|Any CPU
		{3A35A1EA-6B43-4126-B30E-F7AE6DCCC991}.Debug|Any CPU.Build.0 = Debug|Any CPU
		{3A35A1EA-6B43-4126-B30E-F7AE6DCCC991}.Release|Any CPU.ActiveCfg = Release|Any CPU
		{3A35A1EA-6B43-4126-B30E-F7AE6DCCC991}.Release|Any CPU.Build.0 = Release|Any CPU
	EndGlobalSection
	GlobalSection(SolutionProperties) = preSolution
		HideSolutionNode = FALSE
	EndGlobalSection
	GlobalSection(ExtensibilityGlobals) = postSolution
		SolutionGuid = {F0C6BFE7-1FAD-4751-9271-11F2059C21D6}
	EndGlobalSection
EndGlobal
