
Microsoft Visual Studio Solution File, Format Version 12.00
# Visual Studio Version 17
VisualStudioVersion = 17.5.002.0
MinimumVisualStudioVersion = 10.0.40219.1
Project("{9A19103F-16F7-4668-BE54-9A1E7A4F7556}") = "masters_memory_mountain", "masters_memory_mountain.csproj", "{003D10A3-3830-4533-A09E-0976DB3414DD}"
EndProject
Global
	GlobalSection(SolutionConfigurationPlatforms) = preSolution
		Debug|Any CPU = Debug|Any CPU
		Release|Any CPU = Release|Any CPU
	EndGlobalSection
	GlobalSection(ProjectConfigurationPlatforms) = postSolution
		{003D10A3-3830-4533-A09E-0976DB3414DD}.Debug|Any CPU.ActiveCfg = Debug|Any CPU
		{003D10A3-3830-4533-A09E-0976DB3414DD}.Debug|Any CPU.Build.0 = Debug|Any CPU
		{003D10A3-3830-4533-A09E-0976DB3414DD}.Release|Any CPU.ActiveCfg = Release|Any CPU
		{003D10A3-3830-4533-A09E-0976DB3414DD}.Release|Any CPU.Build.0 = Release|Any CPU
	EndGlobalSection
	GlobalSection(SolutionProperties) = preSolution
		HideSolutionNode = FALSE
	EndGlobalSection
	GlobalSection(ExtensibilityGlobals) = postSolution
		SolutionGuid = {EF99F006-EFF4-4D82-A526-AF1ECB252493}
	EndGlobalSection
EndGlobal
