
Microsoft Visual Studio Solution File, Format Version 12.00
# Visual Studio Version 17
VisualStudioVersion = 17.5.002.0
MinimumVisualStudioVersion = 10.0.40219.1
Project("{9A19103F-16F7-4668-BE54-9A1E7A4F7556}") = "ao-two-number-sum", "ao-two-number-sum.csproj", "{7CA57B4B-F088-464A-AA43-593B005EA71E}"
EndProject
Global
	GlobalSection(SolutionConfigurationPlatforms) = preSolution
		Debug|Any CPU = Debug|Any CPU
		Release|Any CPU = Release|Any CPU
	EndGlobalSection
	GlobalSection(ProjectConfigurationPlatforms) = postSolution
		{7CA57B4B-F088-464A-AA43-593B005EA71E}.Debug|Any CPU.ActiveCfg = Debug|Any CPU
		{7CA57B4B-F088-464A-AA43-593B005EA71E}.Debug|Any CPU.Build.0 = Debug|Any CPU
		{7CA57B4B-F088-464A-AA43-593B005EA71E}.Release|Any CPU.ActiveCfg = Release|Any CPU
		{7CA57B4B-F088-464A-AA43-593B005EA71E}.Release|Any CPU.Build.0 = Release|Any CPU
	EndGlobalSection
	GlobalSection(SolutionProperties) = preSolution
		HideSolutionNode = FALSE
	EndGlobalSection
	GlobalSection(ExtensibilityGlobals) = postSolution
		SolutionGuid = {85F7EB96-75F3-40CC-9E37-BDC76DB0E9E8}
	EndGlobalSection
EndGlobal
